
Microsoft Visual Studio Solution File, Format Version 12.00
# Visual Studio Version 17
VisualStudioVersion = 17.7.34024.191
MinimumVisualStudioVersion = 10.0.40219.1
Project("{FAE04EC0-301F-11D3-BF4B-00C04F79EFBC}") = "mantis-tests1", "mantis-tests1\mantis-tests1.csproj", "{62BA7211-3B5E-47E7-882B-B9D82483678C}"
EndProject
Global
	GlobalSection(SolutionConfigurationPlatforms) = preSolution
		Debug|Any CPU = Debug|Any CPU
		Release|Any CPU = Release|Any CPU
	EndGlobalSection
	GlobalSection(ProjectConfigurationPlatforms) = postSolution
		{62BA7211-3B5E-47E7-882B-B9D82483678C}.Debug|Any CPU.ActiveCfg = Debug|Any CPU
		{62BA7211-3B5E-47E7-882B-B9D82483678C}.Debug|Any CPU.Build.0 = Debug|Any CPU
		{62BA7211-3B5E-47E7-882B-B9D82483678C}.Release|Any CPU.ActiveCfg = Release|Any CPU
		{62BA7211-3B5E-47E7-882B-B9D82483678C}.Release|Any CPU.Build.0 = Release|Any CPU
	EndGlobalSection
	GlobalSection(SolutionProperties) = preSolution
		HideSolutionNode = FALSE
	EndGlobalSection
	GlobalSection(ExtensibilityGlobals) = postSolution
		SolutionGuid = {9556AA7C-289D-4A00-9144-8A7A8B733B0F}
	EndGlobalSection
EndGlobal
